// !$*UTF8*$!
{
	archiveVersion = 1;
	classes = {
	};
	objectVersion = 77;
	objects = {

/* Begin PBXContainerItemProxy section */
		498316942E0498A8009D19ED /* PBXContainerItemProxy */ = {
			isa = PBXContainerItemProxy;
			containerPortal = 498316752E0498A7009D19ED /* Project object */;
			proxyType = 1;
			remoteGlobalIDString = 4983167C2E0498A7009D19ED;
			remoteInfo = "Chick Prosperity Bloom";
		};
		4983169E2E0498A8009D19ED /* PBXContainerItemProxy */ = {
			isa = PBXContainerItemProxy;
			containerPortal = 498316752E0498A7009D19ED /* Project object */;
			proxyType = 1;
			remoteGlobalIDString = 4983167C2E0498A7009D19ED;
			remoteInfo = "Chick Prosperity Bloom";
		};
/* End PBXContainerItemProxy section */

/* Begin PBXFileReference section */
		4983167D2E0498A7009D19ED /* Chick Prosperity Bloom.app */ = {isa = PBXFileReference; explicitFileType = wrapper.application; includeInIndex = 0; path = "Chick Prosperity Bloom.app"; sourceTree = BUILT_PRODUCTS_DIR; };
		498316932E0498A8009D19ED /* Chick Prosperity BloomTests.xctest */ = {isa = PBXFileReference; explicitFileType = wrapper.cfbundle; includeInIndex = 0; path = "Chick Prosperity BloomTests.xctest"; sourceTree = BUILT_PRODUCTS_DIR; };
		4983169D2E0498A8009D19ED /* Chick Prosperity BloomUITests.xctest */ = {isa = PBXFileReference; explicitFileType = wrapper.cfbundle; includeInIndex = 0; path = "Chick Prosperity BloomUITests.xctest"; sourceTree = BUILT_PRODUCTS_DIR; };
/* End PBXFileReference section */

/* Begin PBXFileSystemSynchronizedBuildFileExceptionSet section */
		498316A52E0498A8009D19ED /* Exceptions for "Chick Prosperity Bloom" folder in "Chick Prosperity Bloom" target */ = {
			isa = PBXFileSystemSynchronizedBuildFileExceptionSet;
			membershipExceptions = (
				Info.plist,
			);
			target = 4983167C2E0498A7009D19ED /* Chick Prosperity Bloom */;
		};
/* End PBXFileSystemSynchronizedBuildFileExceptionSet section */

/* Begin PBXFileSystemSynchronizedRootGroup section */
		4983167F2E0498A7009D19ED /* Chick Prosperity Bloom */ = {
			isa = PBXFileSystemSynchronizedRootGroup;
			exceptions = (
				498316A52E0498A8009D19ED /* Exceptions for "Chick Prosperity Bloom" folder in "Chick Prosperity Bloom" target */,
			);
			path = "Chick Prosperity Bloom";
			sourceTree = "<group>";
		};
		498316962E0498A8009D19ED /* Chick Prosperity BloomTests */ = {
			isa = PBXFileSystemSynchronizedRootGroup;
			path = "Chick Prosperity BloomTests";
			sourceTree = "<group>";
		};
		498316A02E0498A8009D19ED /* Chick Prosperity BloomUITests */ = {
			isa = PBXFileSystemSynchronizedRootGroup;
			path = "Chick Prosperity BloomUITests";
			sourceTree = "<group>";
		};
/* End PBXFileSystemSynchronizedRootGroup section */

/* Begin PBXFrameworksBuildPhase section */
		4983167A2E0498A7009D19ED /* Frameworks */ = {
			isa = PBXFrameworksBuildPhase;
			buildActionMask = 2147483647;
			files = (
			);
			runOnlyForDeploymentPostprocessing = 0;
		};
		498316902E0498A8009D19ED /* Frameworks */ = {
			isa = PBXFrameworksBuildPhase;
			buildActionMask = 2147483647;
			files = (
			);
			runOnlyForDeploymentPostprocessing = 0;
		};
		4983169A2E0498A8009D19ED /* Frameworks */ = {
			isa = PBXFrameworksBuildPhase;
			buildActionMask = 2147483647;
			files = (
			);
			runOnlyForDeploymentPostprocessing = 0;
		};
/* End PBXFrameworksBuildPhase section */

/* Begin PBXGroup section */
		498316742E0498A7009D19ED = {
			isa = PBXGroup;
			children = (
				4983167F2E0498A7009D19ED /* Chick Prosperity Bloom */,
				498316962E0498A8009D19ED /* Chick Prosperity BloomTests */,
				498316A02E0498A8009D19ED /* Chick Prosperity BloomUITests */,
				4983167E2E0498A7009D19ED /* Products */,
			);
			sourceTree = "<group>";
		};
		4983167E2E0498A7009D19ED /* Products */ = {
			isa = PBXGroup;
			children = (
				4983167D2E0498A7009D19ED /* Chick Prosperity Bloom.app */,
				498316932E0498A8009D19ED /* Chick Prosperity BloomTests.xctest */,
				4983169D2E0498A8009D19ED /* Chick Prosperity BloomUITests.xctest */,
			);
			name = Products;
			sourceTree = "<group>";
		};
/* End PBXGroup section */

/* Begin PBXNativeTarget section */
		4983167C2E0498A7009D19ED /* Chick Prosperity Bloom */ = {
			isa = PBXNativeTarget;
			buildConfigurationList = 498316A62E0498A8009D19ED /* Build configuration list for PBXNativeTarget "Chick Prosperity Bloom" */;
			buildPhases = (
				498316792E0498A7009D19ED /* Sources */,
				4983167A2E0498A7009D19ED /* Frameworks */,
				4983167B2E0498A7009D19ED /* Resources */,
			);
			buildRules = (
			);
			dependencies = (
			);
			fileSystemSynchronizedGroups = (
				4983167F2E0498A7009D19ED /* Chick Prosperity Bloom */,
			);
			name = "Chick Prosperity Bloom";
			packageProductDependencies = (
			);
			productName = "Chick Prosperity Bloom";
			productReference = 4983167D2E0498A7009D19ED /* Chick Prosperity Bloom.app */;
			productType = "com.apple.product-type.application";
		};
		498316922E0498A8009D19ED /* Chick Prosperity BloomTests */ = {
			isa = PBXNativeTarget;
			buildConfigurationList = 498316AB2E0498A8009D19ED /* Build configuration list for PBXNativeTarget "Chick Prosperity BloomTests" */;
			buildPhases = (
				4983168F2E0498A8009D19ED /* Sources */,
				498316902E0498A8009D19ED /* Frameworks */,
				498316912E0498A8009D19ED /* Resources */,
			);
			buildRules = (
			);
			dependencies = (
				498316952E0498A8009D19ED /* PBXTargetDependency */,
			);
			fileSystemSynchronizedGroups = (
				498316962E0498A8009D19ED /* Chick Prosperity BloomTests */,
			);
			name = "Chick Prosperity BloomTests";
			packageProductDependencies = (
			);
			productName = "Chick Prosperity BloomTests";
			productReference = 498316932E0498A8009D19ED /* Chick Prosperity BloomTests.xctest */;
			productType = "com.apple.product-type.bundle.unit-test";
		};
		4983169C2E0498A8009D19ED /* Chick Prosperity BloomUITests */ = {
			isa = PBXNativeTarget;
			buildConfigurationList = 498316AE2E0498A8009D19ED /* Build configuration list for PBXNativeTarget "Chick Prosperity BloomUITests" */;
			buildPhases = (
				498316992E0498A8009D19ED /* Sources */,
				4983169A2E0498A8009D19ED /* Frameworks */,
				4983169B2E0498A8009D19ED /* Resources */,
			);
			buildRules = (
			);
			dependencies = (
				4983169F2E0498A8009D19ED /* PBXTargetDependency */,
			);
			fileSystemSynchronizedGroups = (
				498316A02E0498A8009D19ED /* Chick Prosperity BloomUITests */,
			);
			name = "Chick Prosperity BloomUITests";
			packageProductDependencies = (
			);
			productName = "Chick Prosperity BloomUITests";
			productReference = 4983169D2E0498A8009D19ED /* Chick Prosperity BloomUITests.xctest */;
			productType = "com.apple.product-type.bundle.ui-testing";
		};
/* End PBXNativeTarget section */

/* Begin PBXProject section */
		498316752E0498A7009D19ED /* Project object */ = {
			isa = PBXProject;
			attributes = {
				BuildIndependentTargetsInParallel = 1;
				LastSwiftUpdateCheck = 1620;
				LastUpgradeCheck = 1620;
				TargetAttributes = {
					4983167C2E0498A7009D19ED = {
						CreatedOnToolsVersion = 16.2;
					};
					498316922E0498A8009D19ED = {
						CreatedOnToolsVersion = 16.2;
						TestTargetID = 4983167C2E0498A7009D19ED;
					};
					4983169C2E0498A8009D19ED = {
						CreatedOnToolsVersion = 16.2;
						TestTargetID = 4983167C2E0498A7009D19ED;
					};
				};
			};
			buildConfigurationList = 498316782E0498A7009D19ED /* Build configuration list for PBXProject "Chick Prosperity Bloom" */;
			developmentRegion = en;
			hasScannedForEncodings = 0;
			knownRegions = (
				en,
				Base,
			);
			mainGroup = 498316742E0498A7009D19ED;
			minimizedProjectReferenceProxies = 1;
			preferredProjectObjectVersion = 77;
			productRefGroup = 4983167E2E0498A7009D19ED /* Products */;
			projectDirPath = "";
			projectRoot = "";
			targets = (
				4983167C2E0498A7009D19ED /* Chick Prosperity Bloom */,
				498316922E0498A8009D19ED /* Chick Prosperity BloomTests */,
				4983169C2E0498A8009D19ED /* Chick Prosperity BloomUITests */,
			);
		};
/* End PBXProject section */

/* Begin PBXResourcesBuildPhase section */
		4983167B2E0498A7009D19ED /* Resources */ = {
			isa = PBXResourcesBuildPhase;
			buildActionMask = 2147483647;
			files = (
			);
			runOnlyForDeploymentPostprocessing = 0;
		};
		498316912E0498A8009D19ED /* Resources */ = {
			isa = PBXResourcesBuildPhase;
			buildActionMask = 2147483647;
			files = (
			);
			runOnlyForDeploymentPostprocessing = 0;
		};
		4983169B2E0498A8009D19ED /* Resources */ = {
			isa = PBXResourcesBuildPhase;
			buildActionMask = 2147483647;
			files = (
			);
			runOnlyForDeploymentPostprocessing = 0;
		};
/* End PBXResourcesBuildPhase section */

/* Begin PBXSourcesBuildPhase section */
		498316792E0498A7009D19ED /* Sources */ = {
			isa = PBXSourcesBuildPhase;
			buildActionMask = 2147483647;
			files = (
			);
			runOnlyForDeploymentPostprocessing = 0;
		};
		4983168F2E0498A8009D19ED /* Sources */ = {
			isa = PBXSourcesBuildPhase;
			buildActionMask = 2147483647;
			files = (
			);
			runOnlyForDeploymentPostprocessing = 0;
		};
		498316992E0498A8009D19ED /* Sources */ = {
			isa = PBXSourcesBuildPhase;
			buildActionMask = 2147483647;
			files = (
			);
			runOnlyForDeploymentPostprocessing = 0;
		};
/* End PBXSourcesBuildPhase section */

/* Begin PBXTargetDependency section */
		498316952E0498A8009D19ED /* PBXTargetDependency */ = {
			isa = PBXTargetDependency;
			target = 4983167C2E0498A7009D19ED /* Chick Prosperity Bloom */;
			targetProxy = 498316942E0498A8009D19ED /* PBXContainerItemProxy */;
		};
		4983169F2E0498A8009D19ED /* PBXTargetDependency */ = {
			isa = PBXTargetDependency;
			target = 4983167C2E0498A7009D19ED /* Chick Prosperity Bloom */;
			targetProxy = 4983169E2E0498A8009D19ED /* PBXContainerItemProxy */;
		};
/* End PBXTargetDependency section */

/* Begin XCBuildConfiguration section */
		498316A72E0498A8009D19ED /* Debug */ = {
			isa = XCBuildConfiguration;
			buildSettings = {
				ASSETCATALOG_COMPILER_APPICON_NAME = AppIcon;
				ASSETCATALOG_COMPILER_GLOBAL_ACCENT_COLOR_NAME = AccentColor;
				CODE_SIGN_STYLE = Automatic;
				CURRENT_PROJECT_VERSION = 1;
				GENERATE_INFOPLIST_FILE = YES;
				INFOPLIST_FILE = "Chick Prosperity Bloom/Info.plist";
				INFOPLIST_KEY_CFBundleDisplayName = "Chick Prosperity Bloom";
				INFOPLIST_KEY_LSApplicationCategoryType = "public.app-category.simulation-games";
				INFOPLIST_KEY_UIApplicationSupportsIndirectInputEvents = YES;
				INFOPLIST_KEY_UILaunchStoryboardName = LaunchScreen;
				INFOPLIST_KEY_UIMainStoryboardFile = Main;
				INFOPLIST_KEY_UISupportedInterfaceOrientations = UIInterfaceOrientationLandscapeLeft;
				INFOPLIST_KEY_UISupportedInterfaceOrientations_iPad = "UIInterfaceOrientationLandscapeLeft UIInterfaceOrientationLandscapeRight UIInterfaceOrientationPortrait UIInterfaceOrientationPortraitUpsideDown";
				IPHONEOS_DEPLOYMENT_TARGET = 15.6;
				LD_RUNPATH_SEARCH_PATHS = (
					"$(inherited)",
					"@executable_path/Frameworks",
				);
				MARKETING_VERSION = 1.0;
				PRODUCT_BUNDLE_IDENTIFIER = com.prkbloctpehificso.mpyomsyaofclorldrih;
				PRODUCT_NAME = "$(TARGET_NAME)";
				SWIFT_EMIT_LOC_STRINGS = YES;
				SWIFT_VERSION = 5.0;
				TARGETED_DEVICE_FAMILY = 1;
			};
			name = Debug;
		};
		498316A82E0498A8009D19ED /* Release */ = {
			isa = XCBuildConfiguration;
			buildSettings = {
				ASSETCATALOG_COMPILER_APPICON_NAME = AppIcon;
				ASSETCATALOG_COMPILER_GLOBAL_ACCENT_COLOR_NAME = AccentColor;
				CODE_SIGN_STYLE = Automatic;
				CURRENT_PROJECT_VERSION = 1;
				GENERATE_INFOPLIST_FILE = YES;
				INFOPLIST_FILE = "Chick Prosperity Bloom/Info.plist";
				INFOPLIST_KEY_CFBundleDisplayName = "Chick Prosperity Bloom";
				INFOPLIST_KEY_LSApplicationCategoryType = "public.app-category.simulation-games";
				INFOPLIST_KEY_UIApplicationSupportsIndirectInputEvents = YES;
				INFOPLIST_KEY_UILaunchStoryboardName = LaunchScreen;
				INFOPLIST_KEY_UIMainStoryboardFile = Main;
				INFOPLIST_KEY_UISupportedInterfaceOrientations = UIInterfaceOrientationLandscapeLeft;
				INFOPLIST_KEY_UISupportedInterfaceOrientations_iPad = "UIInterfaceOrientationLandscapeLeft UIInterfaceOrientationLandscapeRight UIInterfaceOrientationPortrait UIInterfaceOrientationPortraitUpsideDown";
				IPHONEOS_DEPLOYMENT_TARGET = 15.6;
				LD_RUNPATH_SEARCH_PATHS = (
					"$(inherited)",
					"@executable_path/Frameworks",
				);
				MARKETING_VERSION = 1.0;
				PRODUCT_BUNDLE_IDENTIFIER = com.prkbloctpehificso.mpyomsyaofclorldrih;
				PRODUCT_NAME = "$(TARGET_NAME)";
				SWIFT_EMIT_LOC_STRINGS = YES;
				SWIFT_VERSION = 5.0;
				TARGETED_DEVICE_FAMILY = 1;
			};
			name = Release;
		};
		498316A92E0498A8009D19ED /* Debug */ = {
			isa = XCBuildConfiguration;
			buildSettings = {
				ALWAYS_SEARCH_USER_PATHS = NO;
				ASSETCATALOG_COMPILER_GENERATE_SWIFT_ASSET_SYMBOL_EXTENSIONS = YES;
				CLANG_ANALYZER_NONNULL = YES;
				CLANG_ANALYZER_NUMBER_OBJECT_CONVERSION = YES_AGGRESSIVE;
				CLANG_CXX_LANGUAGE_STANDARD = "gnu++20";
				CLANG_ENABLE_MODULES = YES;
				CLANG_ENABLE_OBJC_ARC = YES;
				CLANG_ENABLE_OBJC_WEAK = YES;
				CLANG_WARN_BLOCK_CAPTURE_AUTORELEASING = YES;
				CLANG_WARN_BOOL_CONVERSION = YES;
				CLANG_WARN_COMMA = YES;
				CLANG_WARN_CONSTANT_CONVERSION = YES;
				CLANG_WARN_DEPRECATED_OBJC_IMPLEMENTATIONS = YES;
				CLANG_WARN_DIRECT_OBJC_ISA_USAGE = YES_ERROR;
				CLANG_WARN_DOCUMENTATION_COMMENTS = YES;
				CLANG_WARN_EMPTY_BODY = YES;
				CLANG_WARN_ENUM_CONVERSION = YES;
				CLANG_WARN_INFINITE_RECURSION = YES;
				CLANG_WARN_INT_CONVERSION = YES;
				CLANG_WARN_NON_LITERAL_NULL_CONVERSION = YES;
				CLANG_WARN_OBJC_IMPLICIT_RETAIN_SELF = YES;
				CLANG_WARN_OBJC_LITERAL_CONVERSION = YES;
				CLANG_WARN_OBJC_ROOT_CLASS = YES_ERROR;
				CLANG_WARN_QUOTED_INCLUDE_IN_FRAMEWORK_HEADER = YES;
				CLANG_WARN_RANGE_LOOP_ANALYSIS = YES;
				CLANG_WARN_STRICT_PROTOTYPES = YES;
				CLANG_WARN_SUSPICIOUS_MOVE = YES;
				CLANG_WARN_UNGUARDED_AVAILABILITY = YES_AGGRESSIVE;
				CLANG_WARN_UNREACHABLE_CODE = YES;
				CLANG_WARN__DUPLICATE_METHOD_MATCH = YES;
				COPY_PHASE_STRIP = NO;
				DEBUG_INFORMATION_FORMAT = dwarf;
				ENABLE_STRICT_OBJC_MSGSEND = YES;
				ENABLE_TESTABILITY = YES;
				ENABLE_USER_SCRIPT_SANDBOXING = YES;
				GCC_C_LANGUAGE_STANDARD = gnu17;
				GCC_DYNAMIC_NO_PIC = NO;
				GCC_NO_COMMON_BLOCKS = YES;
				GCC_OPTIMIZATION_LEVEL = 0;
				GCC_PREPROCESSOR_DEFINITIONS = (
					"DEBUG=1",
					"$(inherited)",
				);
				GCC_WARN_64_TO_32_BIT_CONVERSION = YES;
				GCC_WARN_ABOUT_RETURN_TYPE = YES_ERROR;
				GCC_WARN_UNDECLARED_SELECTOR = YES;
				GCC_WARN_UNINITIALIZED_AUTOS = YES_AGGRESSIVE;
				GCC_WARN_UNUSED_FUNCTION = YES;
				GCC_WARN_UNUSED_VARIABLE = YES;
				IPHONEOS_DEPLOYMENT_TARGET = 18.2;
				LOCALIZATION_PREFERS_STRING_CATALOGS = YES;
				MTL_ENABLE_DEBUG_INFO = INCLUDE_SOURCE;
				MTL_FAST_MATH = YES;
				ONLY_ACTIVE_ARCH = YES;
				SDKROOT = iphoneos;
				SWIFT_ACTIVE_COMPILATION_CONDITIONS = "DEBUG $(inherited)";
				SWIFT_OPTIMIZATION_LEVEL = "-Onone";
			};
			name = Debug;
		};
		498316AA2E0498A8009D19ED /* Release */ = {
			isa = XCBuildConfiguration;
			buildSettings = {
				ALWAYS_SEARCH_USER_PATHS = NO;
				ASSETCATALOG_COMPILER_GENERATE_SWIFT_ASSET_SYMBOL_EXTENSIONS = YES;
				CLANG_ANALYZER_NONNULL = YES;
				CLANG_ANALYZER_NUMBER_OBJECT_CONVERSION = YES_AGGRESSIVE;
				CLANG_CXX_LANGUAGE_STANDARD = "gnu++20";
				CLANG_ENABLE_MODULES = YES;
				CLANG_ENABLE_OBJC_ARC = YES;
				CLANG_ENABLE_OBJC_WEAK = YES;
				CLANG_WARN_BLOCK_CAPTURE_AUTORELEASING = YES;
				CLANG_WARN_BOOL_CONVERSION = YES;
				CLANG_WARN_COMMA = YES;
				CLANG_WARN_CONSTANT_CONVERSION = YES;
				CLANG_WARN_DEPRECATED_OBJC_IMPLEMENTATIONS = YES;
				CLANG_WARN_DIRECT_OBJC_ISA_USAGE = YES_ERROR;
				CLANG_WARN_DOCUMENTATION_COMMENTS = YES;
				CLANG_WARN_EMPTY_BODY = YES;
				CLANG_WARN_ENUM_CONVERSION = YES;
				CLANG_WARN_INFINITE_RECURSION = YES;
				CLANG_WARN_INT_CONVERSION = YES;
				CLANG_WARN_NON_LITERAL_NULL_CONVERSION = YES;
				CLANG_WARN_OBJC_IMPLICIT_RETAIN_SELF = YES;
				CLANG_WARN_OBJC_LITERAL_CONVERSION = YES;
				CLANG_WARN_OBJC_ROOT_CLASS = YES_ERROR;
				CLANG_WARN_QUOTED_INCLUDE_IN_FRAMEWORK_HEADER = YES;
				CLANG_WARN_RANGE_LOOP_ANALYSIS = YES;
				CLANG_WARN_STRICT_PROTOTYPES = YES;
				CLANG_WARN_SUSPICIOUS_MOVE = YES;
				CLANG_WARN_UNGUARDED_AVAILABILITY = YES_AGGRESSIVE;
				CLANG_WARN_UNREACHABLE_CODE = YES;
				CLANG_WARN__DUPLICATE_METHOD_MATCH = YES;
				COPY_PHASE_STRIP = NO;
				DEBUG_INFORMATION_FORMAT = "dwarf-with-dsym";
				ENABLE_NS_ASSERTIONS = NO;
				ENABLE_STRICT_OBJC_MSGSEND = YES;
				ENABLE_USER_SCRIPT_SANDBOXING = YES;
				GCC_C_LANGUAGE_STANDARD = gnu17;
				GCC_NO_COMMON_BLOCKS = YES;
				GCC_WARN_64_TO_32_BIT_CONVERSION = YES;
				GCC_WARN_ABOUT_RETURN_TYPE = YES_ERROR;
				GCC_WARN_UNDECLARED_SELECTOR = YES;
				GCC_WARN_UNINITIALIZED_AUTOS = YES_AGGRESSIVE;
				GCC_WARN_UNUSED_FUNCTION = YES;
				GCC_WARN_UNUSED_VARIABLE = YES;
				IPHONEOS_DEPLOYMENT_TARGET = 18.2;
				LOCALIZATION_PREFERS_STRING_CATALOGS = YES;
				MTL_ENABLE_DEBUG_INFO = NO;
				MTL_FAST_MATH = YES;
				SDKROOT = iphoneos;
				SWIFT_COMPILATION_MODE = wholemodule;
				VALIDATE_PRODUCT = YES;
			};
			name = Release;
		};
		498316AC2E0498A8009D19ED /* Debug */ = {
			isa = XCBuildConfiguration;
			buildSettings = {
				BUNDLE_LOADER = "$(TEST_HOST)";
				CODE_SIGN_STYLE = Automatic;
				CURRENT_PROJECT_VERSION = 1;
				GENERATE_INFOPLIST_FILE = YES;
				IPHONEOS_DEPLOYMENT_TARGET = 18.2;
				MARKETING_VERSION = 1.0;
				PRODUCT_BUNDLE_IDENTIFIER = com.prkbloctpehificso.mpyomsyaofclorldrih.Tests;
				PRODUCT_NAME = "$(TARGET_NAME)";
				SWIFT_EMIT_LOC_STRINGS = NO;
				SWIFT_VERSION = 5.0;
				TARGETED_DEVICE_FAMILY = "1,2";
				TEST_HOST = "$(BUILT_PRODUCTS_DIR)/Chick Prosperity Bloom.app/$(BUNDLE_EXECUTABLE_FOLDER_PATH)/Chick Prosperity Bloom";
			};
			name = Debug;
		};
		498316AD2E0498A8009D19ED /* Release */ = {
			isa = XCBuildConfiguration;
			buildSettings = {
				BUNDLE_LOADER = "$(TEST_HOST)";
				CODE_SIGN_STYLE = Automatic;
				CURRENT_PROJECT_VERSION = 1;
				GENERATE_INFOPLIST_FILE = YES;
				IPHONEOS_DEPLOYMENT_TARGET = 18.2;
				MARKETING_VERSION = 1.0;
				PRODUCT_BUNDLE_IDENTIFIER = com.prkbloctpehificso.mpyomsyaofclorldrih.Tests;
				PRODUCT_NAME = "$(TARGET_NAME)";
				SWIFT_EMIT_LOC_STRINGS = NO;
				SWIFT_VERSION = 5.0;
				TARGETED_DEVICE_FAMILY = "1,2";
				TEST_HOST = "$(BUILT_PRODUCTS_DIR)/Chick Prosperity Bloom.app/$(BUNDLE_EXECUTABLE_FOLDER_PATH)/Chick Prosperity Bloom";
			};
			name = Release;
		};
		498316AF2E0498A8009D19ED /* Debug */ = {
			isa = XCBuildConfiguration;
			buildSettings = {
				CODE_SIGN_STYLE = Automatic;
				CURRENT_PROJECT_VERSION = 1;
				GENERATE_INFOPLIST_FILE = YES;
				MARKETING_VERSION = 1.0;
				PRODUCT_BUNDLE_IDENTIFIER = com.prkbloctpehificso.mpyomsyaofclorldrih.UITests;
				PRODUCT_NAME = "$(TARGET_NAME)";
				SWIFT_EMIT_LOC_STRINGS = NO;
				SWIFT_VERSION = 5.0;
				TARGETED_DEVICE_FAMILY = "1,2";
				TEST_TARGET_NAME = "Chick Prosperity Bloom";
			};
			name = Debug;
		};
		498316B02E0498A8009D19ED /* Release */ = {
			isa = XCBuildConfiguration;
			buildSettings = {
				CODE_SIGN_STYLE = Automatic;
				CURRENT_PROJECT_VERSION = 1;
				GENERATE_INFOPLIST_FILE = YES;
				MARKETING_VERSION = 1.0;
				PRODUCT_BUNDLE_IDENTIFIER = com.prkbloctpehificso.mpyomsyaofclorldrih.UITests;
				PRODUCT_NAME = "$(TARGET_NAME)";
				SWIFT_EMIT_LOC_STRINGS = NO;
				SWIFT_VERSION = 5.0;
				TARGETED_DEVICE_FAMILY = "1,2";
				TEST_TARGET_NAME = "Chick Prosperity Bloom";
			};
			name = Release;
		};
/* End XCBuildConfiguration section */

/* Begin XCConfigurationList section */
		498316782E0498A7009D19ED /* Build configuration list for PBXProject "Chick Prosperity Bloom" */ = {
			isa = XCConfigurationList;
			buildConfigurations = (
				498316A92E0498A8009D19ED /* Debug */,
				498316AA2E0498A8009D19ED /* Release */,
			);
			defaultConfigurationIsVisible = 0;
			defaultConfigurationName = Release;
		};
		498316A62E0498A8009D19ED /* Build configuration list for PBXNativeTarget "Chick Prosperity Bloom" */ = {
			isa = XCConfigurationList;
			buildConfigurations = (
				498316A72E0498A8009D19ED /* Debug */,
				498316A82E0498A8009D19ED /* Release */,
			);
			defaultConfigurationIsVisible = 0;
			defaultConfigurationName = Release;
		};
		498316AB2E0498A8009D19ED /* Build configuration list for PBXNativeTarget "Chick Prosperity BloomTests" */ = {
			isa = XCConfigurationList;
			buildConfigurations = (
				498316AC2E0498A8009D19ED /* Debug */,
				498316AD2E0498A8009D19ED /* Release */,
			);
			defaultConfigurationIsVisible = 0;
			defaultConfigurationName = Release;
		};
		498316AE2E0498A8009D19ED /* Build configuration list for PBXNativeTarget "Chick Prosperity BloomUITests" */ = {
			isa = XCConfigurationList;
			buildConfigurations = (
				498316AF2E0498A8009D19ED /* Debug */,
				498316B02E0498A8009D19ED /* Release */,
			);
			defaultConfigurationIsVisible = 0;
			defaultConfigurationName = Release;
		};
/* End XCConfigurationList section */
	};
	rootObject = 498316752E0498A7009D19ED /* Project object */;
}
